
Microsoft Visual Studio Solution File, Format Version 12.00
Project("{FAE04EC0-301F-11D3-BF4B-00C04F79EFBC}") = "Cours", "Cours\Cours.csproj", "{CCBD6327-4F30-4074-9F14-FA479DDB073A}"
EndProject
Global
	GlobalSection(SolutionConfigurationPlatforms) = preSolution
		Debug|Any CPU = Debug|Any CPU
		Release|Any CPU = Release|Any CPU
	EndGlobalSection
	GlobalSection(ProjectConfigurationPlatforms) = postSolution
		{CCBD6327-4F30-4074-9F14-FA479DDB073A}.Debug|Any CPU.ActiveCfg = Debug|Any CPU
		{CCBD6327-4F30-4074-9F14-FA479DDB073A}.Debug|Any CPU.Build.0 = Debug|Any CPU
		{CCBD6327-4F30-4074-9F14-FA479DDB073A}.Release|Any CPU.ActiveCfg = Release|Any CPU
		{CCBD6327-4F30-4074-9F14-FA479DDB073A}.Release|Any CPU.Build.0 = Release|Any CPU
	EndGlobalSection
EndGlobal
